
Microsoft Visual Studio Solution File, Format Version 12.00
Project("{FAE04EC0-301F-11D3-BF4B-00C04F79EFBC}") = "tabu-bot", "tabu-bot.csproj", "{5FB93037-727C-45F6-8626-50E1677B00E2}"
EndProject
Project("{FAE04EC0-301F-11D3-BF4B-00C04F79EFBC}") = "tabu-bot.DataAccess", "tabu-bot.DataAccess\tabu-bot.DataAccess.csproj", "{47E7E7D9-082F-41F6-AD3B-4214E3774ECD}"
EndProject
Global
	GlobalSection(SolutionConfigurationPlatforms) = preSolution
		Debug|Any CPU = Debug|Any CPU
		Release|Any CPU = Release|Any CPU
	EndGlobalSection
	GlobalSection(ProjectConfigurationPlatforms) = postSolution
		{5FB93037-727C-45F6-8626-50E1677B00E2}.Debug|Any CPU.ActiveCfg = Debug|Any CPU
		{5FB93037-727C-45F6-8626-50E1677B00E2}.Debug|Any CPU.Build.0 = Debug|Any CPU
		{5FB93037-727C-45F6-8626-50E1677B00E2}.Release|Any CPU.ActiveCfg = Release|Any CPU
		{5FB93037-727C-45F6-8626-50E1677B00E2}.Release|Any CPU.Build.0 = Release|Any CPU
		{47E7E7D9-082F-41F6-AD3B-4214E3774ECD}.Debug|Any CPU.ActiveCfg = Debug|Any CPU
		{47E7E7D9-082F-41F6-AD3B-4214E3774ECD}.Debug|Any CPU.Build.0 = Debug|Any CPU
		{47E7E7D9-082F-41F6-AD3B-4214E3774ECD}.Release|Any CPU.ActiveCfg = Release|Any CPU
		{47E7E7D9-082F-41F6-AD3B-4214E3774ECD}.Release|Any CPU.Build.0 = Release|Any CPU
	EndGlobalSection
EndGlobal
